
Microsoft Visual Studio Solution File, Format Version 12.00
# Visual Studio Version 16
VisualStudioVersion = 16.0.30011.22
MinimumVisualStudioVersion = 15.0.26124.0
Project("{9A19103F-16F7-4668-BE54-9A1E7A4F7556}") = "SixBDigital.Web", "SixBDigital.Web\SixBDigital.Web.csproj", "{62146BAB-614D-42BE-8438-2C7FC72798CD}"
EndProject
Project("{FAE04EC0-301F-11D3-BF4B-00C04F79EFBC}") = "SixBDigital.Domain", "SixBDigital.Domain\SixBDigital.Domain.csproj", "{7C03EE3B-894B-49E9-AB2E-9CA9F1F5D207}"
EndProject
Project("{2150E333-8FDC-42A3-9474-1A3956D46DE8}") = "Solution Items", "Solution Items", "{83362E91-7582-4D7F-9A41-ED8F3755DB3D}"
	ProjectSection(SolutionItems) = preProject
		.editorconfig = .editorconfig
	EndProjectSection
EndProject
Project("{FAE04EC0-301F-11D3-BF4B-00C04F79EFBC}") = "SixBDigital.Infrastructure", "SixBDigital.Infrastructure\SixBDigital.Infrastructure.csproj", "{F094BFA2-B00C-4F6A-A815-AC8B383AA52D}"
EndProject
Global
	GlobalSection(SolutionConfigurationPlatforms) = preSolution
		Debug|Any CPU = Debug|Any CPU
		Debug|x64 = Debug|x64
		Debug|x86 = Debug|x86
		Release|Any CPU = Release|Any CPU
		Release|x64 = Release|x64
		Release|x86 = Release|x86
	EndGlobalSection
	GlobalSection(ProjectConfigurationPlatforms) = postSolution
		{62146BAB-614D-42BE-8438-2C7FC72798CD}.Debug|Any CPU.ActiveCfg = Debug|Any CPU
		{62146BAB-614D-42BE-8438-2C7FC72798CD}.Debug|Any CPU.Build.0 = Debug|Any CPU
		{62146BAB-614D-42BE-8438-2C7FC72798CD}.Debug|x64.ActiveCfg = Debug|Any CPU
		{62146BAB-614D-42BE-8438-2C7FC72798CD}.Debug|x64.Build.0 = Debug|Any CPU
		{62146BAB-614D-42BE-8438-2C7FC72798CD}.Debug|x86.ActiveCfg = Debug|Any CPU
		{62146BAB-614D-42BE-8438-2C7FC72798CD}.Debug|x86.Build.0 = Debug|Any CPU
		{62146BAB-614D-42BE-8438-2C7FC72798CD}.Release|Any CPU.ActiveCfg = Release|Any CPU
		{62146BAB-614D-42BE-8438-2C7FC72798CD}.Release|Any CPU.Build.0 = Release|Any CPU
		{62146BAB-614D-42BE-8438-2C7FC72798CD}.Release|x64.ActiveCfg = Release|Any CPU
		{62146BAB-614D-42BE-8438-2C7FC72798CD}.Release|x64.Build.0 = Release|Any CPU
		{62146BAB-614D-42BE-8438-2C7FC72798CD}.Release|x86.ActiveCfg = Release|Any CPU
		{62146BAB-614D-42BE-8438-2C7FC72798CD}.Release|x86.Build.0 = Release|Any CPU
		{7C03EE3B-894B-49E9-AB2E-9CA9F1F5D207}.Debug|Any CPU.ActiveCfg = Debug|Any CPU
		{7C03EE3B-894B-49E9-AB2E-9CA9F1F5D207}.Debug|Any CPU.Build.0 = Debug|Any CPU
		{7C03EE3B-894B-49E9-AB2E-9CA9F1F5D207}.Debug|x64.ActiveCfg = Debug|Any CPU
		{7C03EE3B-894B-49E9-AB2E-9CA9F1F5D207}.Debug|x64.Build.0 = Debug|Any CPU
		{7C03EE3B-894B-49E9-AB2E-9CA9F1F5D207}.Debug|x86.ActiveCfg = Debug|Any CPU
		{7C03EE3B-894B-49E9-AB2E-9CA9F1F5D207}.Debug|x86.Build.0 = Debug|Any CPU
		{7C03EE3B-894B-49E9-AB2E-9CA9F1F5D207}.Release|Any CPU.ActiveCfg = Release|Any CPU
		{7C03EE3B-894B-49E9-AB2E-9CA9F1F5D207}.Release|Any CPU.Build.0 = Release|Any CPU
		{7C03EE3B-894B-49E9-AB2E-9CA9F1F5D207}.Release|x64.ActiveCfg = Release|Any CPU
		{7C03EE3B-894B-49E9-AB2E-9CA9F1F5D207}.Release|x64.Build.0 = Release|Any CPU
		{7C03EE3B-894B-49E9-AB2E-9CA9F1F5D207}.Release|x86.ActiveCfg = Release|Any CPU
		{7C03EE3B-894B-49E9-AB2E-9CA9F1F5D207}.Release|x86.Build.0 = Release|Any CPU
		{F094BFA2-B00C-4F6A-A815-AC8B383AA52D}.Debug|Any CPU.ActiveCfg = Debug|Any CPU
		{F094BFA2-B00C-4F6A-A815-AC8B383AA52D}.Debug|Any CPU.Build.0 = Debug|Any CPU
		{F094BFA2-B00C-4F6A-A815-AC8B383AA52D}.Debug|x64.ActiveCfg = Debug|Any CPU
		{F094BFA2-B00C-4F6A-A815-AC8B383AA52D}.Debug|x64.Build.0 = Debug|Any CPU
		{F094BFA2-B00C-4F6A-A815-AC8B383AA52D}.Debug|x86.ActiveCfg = Debug|Any CPU
		{F094BFA2-B00C-4F6A-A815-AC8B383AA52D}.Debug|x86.Build.0 = Debug|Any CPU
		{F094BFA2-B00C-4F6A-A815-AC8B383AA52D}.Release|Any CPU.ActiveCfg = Release|Any CPU
		{F094BFA2-B00C-4F6A-A815-AC8B383AA52D}.Release|Any CPU.Build.0 = Release|Any CPU
		{F094BFA2-B00C-4F6A-A815-AC8B383AA52D}.Release|x64.ActiveCfg = Release|Any CPU
		{F094BFA2-B00C-4F6A-A815-AC8B383AA52D}.Release|x64.Build.0 = Release|Any CPU
		{F094BFA2-B00C-4F6A-A815-AC8B383AA52D}.Release|x86.ActiveCfg = Release|Any CPU
		{F094BFA2-B00C-4F6A-A815-AC8B383AA52D}.Release|x86.Build.0 = Release|Any CPU
	EndGlobalSection
	GlobalSection(SolutionProperties) = preSolution
		HideSolutionNode = FALSE
	EndGlobalSection
	GlobalSection(ExtensibilityGlobals) = postSolution
		SolutionGuid = {60E87422-2290-4CC8-A393-39373CE2930C}
	EndGlobalSection
EndGlobal
